{
  "name": "33-js-concepts",
  "version": "1.0.0",
  "lockfileVersion": 3,
  "requires": true,
  "packages": {
    "": {
      "name": "33-js-concepts",
      "version": "1.0.0",
      "license": "MIT",
      "dependencies": {
        "33-js-concepts": "file:"
      }
    },
    "node_modules/33-js-concepts": {
      "resolved": "",
      "link": true
    }
  }
}
